
Microsoft Visual Studio Solution File, Format Version 12.00
# Visual Studio Version 16
VisualStudioVersion = 16.0.30523.141
MinimumVisualStudioVersion = 10.0.40219.1
Project("{FAE04EC0-301F-11D3-BF4B-00C04F79EFBC}") = "Application", "Application\Application.csproj", "{94C67C02-3FC9-40DF-A3B1-B10453776B24}"
	ProjectSection(ProjectDependencies) = postProject
		{9DA739CC-9459-4F51-BFF6-C5D9FB586795} = {9DA739CC-9459-4F51-BFF6-C5D9FB586795}
	EndProjectSection
EndProject
Project("{FAE04EC0-301F-11D3-BF4B-00C04F79EFBC}") = "ServerLibrary", "ServerLibrary\ServerLibrary.csproj", "{9DA739CC-9459-4F51-BFF6-C5D9FB586795}"
EndProject
Project("{FAE04EC0-301F-11D3-BF4B-00C04F79EFBC}") = "ClientApp", "ClientApp\ClientApp.csproj", "{052C3D85-61BA-4FD7-A87E-FF3ADB2D2258}"
EndProject
Global
	GlobalSection(SolutionConfigurationPlatforms) = preSolution
		Debug|Any CPU = Debug|Any CPU
		Release|Any CPU = Release|Any CPU
	EndGlobalSection
	GlobalSection(ProjectConfigurationPlatforms) = postSolution
		{94C67C02-3FC9-40DF-A3B1-B10453776B24}.Debug|Any CPU.ActiveCfg = Debug|Any CPU
		{94C67C02-3FC9-40DF-A3B1-B10453776B24}.Debug|Any CPU.Build.0 = Debug|Any CPU
		{94C67C02-3FC9-40DF-A3B1-B10453776B24}.Release|Any CPU.ActiveCfg = Release|Any CPU
		{94C67C02-3FC9-40DF-A3B1-B10453776B24}.Release|Any CPU.Build.0 = Release|Any CPU
		{9DA739CC-9459-4F51-BFF6-C5D9FB586795}.Debug|Any CPU.ActiveCfg = Debug|Any CPU
		{9DA739CC-9459-4F51-BFF6-C5D9FB586795}.Debug|Any CPU.Build.0 = Debug|Any CPU
		{9DA739CC-9459-4F51-BFF6-C5D9FB586795}.Release|Any CPU.ActiveCfg = Release|Any CPU
		{9DA739CC-9459-4F51-BFF6-C5D9FB586795}.Release|Any CPU.Build.0 = Release|Any CPU
		{052C3D85-61BA-4FD7-A87E-FF3ADB2D2258}.Debug|Any CPU.ActiveCfg = Debug|Any CPU
		{052C3D85-61BA-4FD7-A87E-FF3ADB2D2258}.Debug|Any CPU.Build.0 = Debug|Any CPU
		{052C3D85-61BA-4FD7-A87E-FF3ADB2D2258}.Release|Any CPU.ActiveCfg = Release|Any CPU
		{052C3D85-61BA-4FD7-A87E-FF3ADB2D2258}.Release|Any CPU.Build.0 = Release|Any CPU
	EndGlobalSection
	GlobalSection(SolutionProperties) = preSolution
		HideSolutionNode = FALSE
	EndGlobalSection
	GlobalSection(ExtensibilityGlobals) = postSolution
		SolutionGuid = {4504BD38-BB67-46EE-9102-4A24B4BF025B}
	EndGlobalSection
EndGlobal
